
Microsoft Visual Studio Solution File, Format Version 12.00
# Visual Studio Version 17
VisualStudioVersion = 17.11.35327.3
MinimumVisualStudioVersion = 10.0.40219.1
Project("{FAE04EC0-301F-11D3-BF4B-00C04F79EFBC}") = "Testik", "Testik.csproj", "{9102CB5E-DD80-430B-A5D0-D3A647691095}"
EndProject
Global
	GlobalSection(SolutionConfigurationPlatforms) = preSolution
		Debug|Any CPU = Debug|Any CPU
		Release|Any CPU = Release|Any CPU
	EndGlobalSection
	GlobalSection(ProjectConfigurationPlatforms) = postSolution
		{9102CB5E-DD80-430B-A5D0-D3A647691095}.Debug|Any CPU.ActiveCfg = Debug|Any CPU
		{9102CB5E-DD80-430B-A5D0-D3A647691095}.Debug|Any CPU.Build.0 = Debug|Any CPU
		{9102CB5E-DD80-430B-A5D0-D3A647691095}.Release|Any CPU.ActiveCfg = Release|Any CPU
		{9102CB5E-DD80-430B-A5D0-D3A647691095}.Release|Any CPU.Build.0 = Release|Any CPU
	EndGlobalSection
	GlobalSection(SolutionProperties) = preSolution
		HideSolutionNode = FALSE
	EndGlobalSection
	GlobalSection(ExtensibilityGlobals) = postSolution
		SolutionGuid = {4EE2412D-674C-410A-B03E-C1294B6A4E4D}
	EndGlobalSection
EndGlobal
